
Microsoft Visual Studio Solution File, Format Version 12.00
# Visual Studio Version 17
VisualStudioVersion = 17.9.34723.18
MinimumVisualStudioVersion = 10.0.40219.1
Project("{FAE04EC0-301F-11D3-BF4B-00C04F79EFBC}") = "MacRegister", "MacRegister\MacRegister.csproj", "{EE1B4167-8EF0-4613-8F37-4018D284B574}"
EndProject
Global
	GlobalSection(SolutionConfigurationPlatforms) = preSolution
		Debug|Any CPU = Debug|Any CPU
		Release|Any CPU = Release|Any CPU
	EndGlobalSection
	GlobalSection(ProjectConfigurationPlatforms) = postSolution
		{EE1B4167-8EF0-4613-8F37-4018D284B574}.Debug|Any CPU.ActiveCfg = Debug|Any CPU
		{EE1B4167-8EF0-4613-8F37-4018D284B574}.Debug|Any CPU.Build.0 = Debug|Any CPU
		{EE1B4167-8EF0-4613-8F37-4018D284B574}.Release|Any CPU.ActiveCfg = Release|Any CPU
		{EE1B4167-8EF0-4613-8F37-4018D284B574}.Release|Any CPU.Build.0 = Release|Any CPU
	EndGlobalSection
	GlobalSection(SolutionProperties) = preSolution
		HideSolutionNode = FALSE
	EndGlobalSection
	GlobalSection(ExtensibilityGlobals) = postSolution
		SolutionGuid = {0114AA66-6221-4873-ABEC-5E70EC57DC9C}
	EndGlobalSection
EndGlobal
